# THIS IS AN AUTOGENERATED FILE. DO NOT EDIT THIS FILE DIRECTLY.
# yarn lockfile v1


bcfg@~0.1.5:
  version "0.1.5"
  resolved "https://registry.yarnpkg.com/bcfg/-/bcfg-0.1.5.tgz#cebc9aec935d01726037a5fcf903d138341ca7bb"
  integrity sha512-a3dJQnXbBAl9wrhcki+H21mTtMKUJfdTuOcnGhDGSUQqpiBD5+uYfEvBz3vDFvBsuRguxV6Jp8kZQGwrMLQHPQ==
  dependencies:
    bsert "~0.0.8"

bclient@~0.1.6:
  version "0.1.6"
  resolved "https://registry.yarnpkg.com/bclient/-/bclient-0.1.6.tgz#b6bf166023785819f85073e09481b3a5132a2c0f"
  integrity sha512-rn8vriv1krI0rr3oOK6Xh6eeHjUEewXq44EPvP6GAhzBJ3/k6UvCXPZDmSkn+UzOLaHqkZSirxBXoOHlnyF/Bg==
  dependencies:
    bcfg "~0.1.5"
    bcurl "~0.1.5"
    bsert "~0.0.8"

bcoin@bucko13/bcoin#expose-filter:
  version "1.0.2"
  resolved "https://codeload.github.com/bucko13/bcoin/tar.gz/04a7132a4b77dedc4a5f12beaab0412be4e92b61"
  dependencies:
    bcfg "~0.1.5"
    bclient "~0.1.6"
    bcrypto "~3.0.2"
    bdb "~1.1.5"
    bdns "~0.1.4"
    bevent "~0.1.4"
    bfile "~0.1.4"
    bfilter "~1.0.4"
    bheep "~0.1.4"
    binet "~0.3.4"
    blgr "~0.1.5"
    blru "~0.1.5"
    blst "~0.1.4"
    bmutex "~0.1.5"
    bsert "~0.0.8"
    bsip "~0.1.5"
    bsock "~0.1.5"
    bsocks "~0.2.4"
    bstring "~0.3.5"
    btcp "~0.1.4"
    buffer-map "~0.0.5"
    bufio "~1.0.4"
    bupnp "~0.2.5"
    bval "~0.1.5"
    bweb "~0.1.7"
    golomb "github:tuxcanfly/golomb#bip157-updates"
    mrmr "~0.1.5"
    n64 "~0.2.6"

bcrypto@~3.0.2:
  version "3.0.2"
  resolved "https://registry.yarnpkg.com/bcrypto/-/bcrypto-3.0.2.tgz#3fd96da06447724cebdfeed14821ade86babec53"
  integrity sha512-JGPVqeO+uvlo+5QTEO78jL4/5UVvBcqc8UPd7ctLMQTb2FR85aocdDDKk0vtyLpXY2/orRrD51h3/Q0GwuyZAg==
  dependencies:
    bindings "~1.3.1"
    bsert "~0.0.8"
    bufio "~1.0.4"
    nan "~2.12.1"

bcurl@~0.1.5:
  version "0.1.5"
  resolved "https://registry.yarnpkg.com/bcurl/-/bcurl-0.1.5.tgz#bfe0c7c94e57b11839d187a8ea607f3386f9672b"
  integrity sha512-X4B/fQoIAvSLn+tudTERyC+jSIGRztZ+DO9hS94Phy1OYsQqd2kWsxxX4AW1N09jJiCPzl0aCoLFoIrZP4Ofwg==
  dependencies:
    brq "~0.1.6"
    bsert "~0.0.8"
    bsock "~0.1.5"

bdb@~1.1.5:
  version "1.1.5"
  resolved "https://registry.yarnpkg.com/bdb/-/bdb-1.1.5.tgz#171e55fc1e7095792e2a29b7e4bb2ac8ab5bce90"
  integrity sha512-qzLKUVH2Ywy+uOU0idsebbq06a0IH21IrOrS5JVoeI9JjGeSBVjerPcg0pSoMQpLtg8whG7u85aGSs0OCRGhVA==
  dependencies:
    bindings "~1.3.1"
    bsert "~0.0.8"

bdns@~0.1.4:
  version "0.1.4"
  resolved "https://registry.yarnpkg.com/bdns/-/bdns-0.1.4.tgz#2b0694ad3414324d3fdbbd4a08861b451c92b50b"
  integrity sha512-yem3lJ0qDMFCg95upnE6zvjKqifi6C3nB8Evo0xe5zw6hfYVd87Jy/SZh5qNL9wwSE0QDoX+Pa2Dv6C7+01gTQ==
  dependencies:
    bsert "~0.0.8"

bevent@~0.1.4:
  version "0.1.4"
  resolved "https://registry.yarnpkg.com/bevent/-/bevent-0.1.4.tgz#fa45d3010486fd4bee6b5a0ba2761a1b896eade0"
  integrity sha512-KXzbcGe2/jtP+/nAC/QkybrcP6iBtWiIxm0kEOBOQXk2irXcNjRgZuu8NxpTU5LYdYsbhY4Omsij/xE+YLLUtA==
  dependencies:
    bsert "~0.0.8"

bfile@~0.1.4:
  version "0.1.4"
  resolved "https://registry.yarnpkg.com/bfile/-/bfile-0.1.4.tgz#3b6103da118083657ef88895a75c60f878dec09b"
  integrity sha512-pqeG3lJbWAlYlphNzMQA/VeUNGaq7Zopvzl8hbYXzIXLIFdPqC2h2hCbZHzRlLnnaUfipmuqwWYr3qbulbuu6Q==

bfilter@~1.0.4:
  version "1.0.4"
  resolved "https://registry.yarnpkg.com/bfilter/-/bfilter-1.0.4.tgz#59fc056c7933c3748c1770fa96cb9e1bb3bc3742"
  integrity sha512-C2x1hJLlm36UBT3iBCw9FShoazFqlZQaXha7Dp0Madb0hfzrWNtf9YclHLnNfp7UlcOyAKpojne7M4FFwEcSeA==
  dependencies:
    bsert "~0.0.8"
    bufio "~1.0.4"
    mrmr "~0.1.5"

bheep@~0.1.4:
  version "0.1.4"
  resolved "https://registry.yarnpkg.com/bheep/-/bheep-0.1.4.tgz#797939448b8d7c269652e8f8e5144aae88e840fd"
  integrity sha512-uJ/fJWCBVx6g9ZM83p74626f2LxypH2u7wTheUZ68MgV+I0H3suX3vz19uxP0gEK/0ZB6MRVUU3O6952+8/ceQ==
  dependencies:
    bsert "~0.0.8"

bindings@~1.3.1:
  version "1.3.1"
  resolved "https://registry.yarnpkg.com/bindings/-/bindings-1.3.1.tgz#21fc7c6d67c18516ec5aaa2815b145ff77b26ea5"
  integrity sha512-i47mqjF9UbjxJhxGf+pZ6kSxrnI3wBLlnGI2ArWJ4r0VrvDS7ZYXkprq/pLaBWYq4GM0r4zdHY+NNRqEMU7uew==

binet@~0.3.4:
  version "0.3.4"
  resolved "https://registry.yarnpkg.com/binet/-/binet-0.3.4.tgz#fb99779a1294df6d92e84b6b5853f46325133ecd"
  integrity sha512-UozdsJ7bGouXPTwATIMv/s5sWOJn/KgoCtZot6S+RAFnEhe9fD2LT6qtfaQzE3HNe4QlZXNXVa84efazLA8fjA==
  dependencies:
    bs32 "~0.1.4"
    bsert "~0.0.8"

blgr@~0.1.5:
  version "0.1.5"
  resolved "https://registry.yarnpkg.com/blgr/-/blgr-0.1.5.tgz#a7857f85c0eb6983bcbdc04688c03ba4939047de"
  integrity sha512-CIbMTg52rHR1WqLbDLc+9coNAYyEuJx7ezUtoGM9uzFWK5XxOuNimSSFoiYSfcCAc09qfchtkfOv41oNGIoDlQ==
  dependencies:
    bsert "~0.0.8"

blru@~0.1.5:
  version "0.1.5"
  resolved "https://registry.yarnpkg.com/blru/-/blru-0.1.5.tgz#7f00f9045eb15801109e7d0c5249529d74c8b7cf"
  integrity sha512-UGe9Bhu6WUln9bGGBs10I6zvhvzot57xAY39UNtimFZWZjvmdLNcPesIkypeAqYadg5WYlCygZaw1xq93S3kSw==
  dependencies:
    bsert "~0.0.8"

blst@~0.1.4:
  version "0.1.4"
  resolved "https://registry.yarnpkg.com/blst/-/blst-0.1.4.tgz#3e439eefe1b002cc63ebd22e7065214c8f2ca7c7"
  integrity sha512-G4eDv/d89wCwPwueItv6za6zxj2mKdikgZErJp2908Cz8Pa3h8KoHzwFu1bYcaAHJdexDp1B/Yjzb/K5+Bfb+g==
  dependencies:
    bsert "~0.0.8"

bmutex@^0.1.5, bmutex@~0.1.5:
  version "0.1.5"
  resolved "https://registry.yarnpkg.com/bmutex/-/bmutex-0.1.5.tgz#0b96908c28aa12821f7494eef468d235566d19e5"
  integrity sha512-vBKk+msKCdEE3Zs3fKxVATgibdf6U2k1dR1XALvXA/DuTDRQu9ot2TEp4RoJGilLvSlZxAHNq0AeBesd7KIe+Q==
  dependencies:
    bsert "~0.0.8"

brq@~0.1.6:
  version "0.1.6"
  resolved "https://registry.yarnpkg.com/brq/-/brq-0.1.6.tgz#76c1fb0ae18c1e0fae00176fda136efbabc5a76c"
  integrity sha512-hMYRlyg6UTuWQq12bXVvwYWNIkv5WC6iDiT4a83EW3JHMCKaVe3/wwrmguhGtpLagh0ah5YxM3QtasHvcWX5GQ==
  dependencies:
    bsert "~0.0.8"

bs32@~0.1.4:
  version "0.1.4"
  resolved "https://registry.yarnpkg.com/bs32/-/bs32-0.1.4.tgz#646369772f718bca520f530c31d4bb4923e4c4a7"
  integrity sha512-IJuuNp3h5XJSn9QSDavROiMc9t9VbjfI4fRgdPtElG56LkB0kIdRgF+eTJpOsGqSTfBnYx/mn9nmC40Y8y9a8w==
  dependencies:
    bsert "~0.0.8"

bsert@^0.0.8, bsert@~0.0.8:
  version "0.0.8"
  resolved "https://registry.yarnpkg.com/bsert/-/bsert-0.0.8.tgz#1614b6d0faf6b5940d8ba2ab9520180e2b9a695d"
  integrity sha512-MzSxGNGymvJ2wAJ0lrC2cT+Irq2q+EMz5ijt8qXIxt02VoO+ZFWPNrmzNHGq6F8RJnIzzRmKz8mv1/j2xU1TQg==

bsip@~0.1.5:
  version "0.1.5"
  resolved "https://registry.yarnpkg.com/bsip/-/bsip-0.1.5.tgz#75bf9b5d5add02ce4d6cf14162e6921b68343480"
  integrity sha512-soMYWfVwVr6umjSLm0mONf6kFrb0/Ulx9a5DfI08hLwMnq8Ju5MUTH/4bhYef3239SbZT/84cdEYEPCEI9JR3A==
  dependencies:
    bindings "~1.3.1"
    bsert "~0.0.8"
    nan "~2.12.1"

bsock@~0.1.5:
  version "0.1.5"
  resolved "https://registry.yarnpkg.com/bsock/-/bsock-0.1.5.tgz#0487242c2e876be0d3d39916c80b7c86fbcd9c1d"
  integrity sha512-Q41VI1jX3hVbv8NBz+/HCvJXEN2/WVeXUJzooLE69LmVdsdwbN77v0pd5Efvz5+JNASV8iESfxitvdx/uknfNQ==
  dependencies:
    bsert "~0.0.8"

bsocks@~0.2.4:
  version "0.2.4"
  resolved "https://registry.yarnpkg.com/bsocks/-/bsocks-0.2.4.tgz#abac03b6aac175ee3e3d3e79ec992ce48553b7d8"
  integrity sha512-FSDsP1VeuUXbIU5FaJstfNCP8LECFz13olT5LvLko6SH9EVNnfajxShkfyiO3WkYJ9nL1GVQXDqVQSPF+Bgd7A==
  dependencies:
    binet "~0.3.4"
    bsert "~0.0.8"

bstring@~0.3.5:
  version "0.3.5"
  resolved "https://registry.yarnpkg.com/bstring/-/bstring-0.3.5.tgz#b71616b3c8e24cf5209e57c3bd9de2b33ce8c153"
  integrity sha512-EgVL5WgawTtUCl/P8rZZicP+/p7X71OY9T9i1bTPNtR4587FPyxq+Dne0JuY37g/apj89RhHut7aJMS2l042Dg==
  dependencies:
    bindings "~1.3.1"
    bsert "~0.0.8"
    nan "~2.12.1"

btcp@~0.1.4:
  version "0.1.4"
  resolved "https://registry.yarnpkg.com/btcp/-/btcp-0.1.4.tgz#50f3dd6eef539658bedab3c4dee780845d19a8ef"
  integrity sha512-Byfk+kgg8bCqPWLoCltIES42xk25JWIoQMJ31bJ/yli/WflEGDtmnNEtZWoW3dzV6d8t+LfANkTXXavn1G9uAA==

buffer-map@0.0.3:
  version "0.0.3"
  resolved "https://registry.yarnpkg.com/buffer-map/-/buffer-map-0.0.3.tgz#afdb7adaca63a265eea3786381436330619376f9"
  integrity sha512-7LgIEyPqfRohq8IfFCyC/aFj+TuoOz3tLstmI+LObSSF0tzI4DoB99/3sdkwIKrr0pLygqIgw/Tn4dt+erdt+Q==

buffer-map@~0.0.5:
  version "0.0.5"
  resolved "https://registry.yarnpkg.com/buffer-map/-/buffer-map-0.0.5.tgz#0ea461159c756eee00603fdcb3e384c81b2475f1"
  integrity sha512-evwvw2VDQvYxKPdxmqIWTIIYZKypKWHoLolB1kmyY05RNGY7EWifLSE1fLmz6+2UkQBmZ1suXJAoHOzlLeO83A==

bufio@~1.0.4:
  version "1.0.4"
  resolved "https://registry.yarnpkg.com/bufio/-/bufio-1.0.4.tgz#f6e197928cf4d1196c19b9dba6c3e89bb879aca7"
  integrity sha512-z5HOP06DHRlwB6C4Ol6RNA2HWam8Pluo5pasPniQVyC4dzwutzYHHHDjDSOgSyGeThE7kmgT7ynV1A+EuD8s3w==

bupnp@~0.2.5:
  version "0.2.5"
  resolved "https://registry.yarnpkg.com/bupnp/-/bupnp-0.2.5.tgz#62bef7912d30e6fba592572e4c6c392e5d1f1c74"
  integrity sha512-NLedlDlgopiSGRewmgFqSqnHHlNcUDeHxW+pEwBNnbCDTa5qC5vAmtOd6AbceTs3kTluu+znu9x1snoaaroSbA==
  dependencies:
    binet "~0.3.4"
    brq "~0.1.6"
    bsert "~0.0.8"

bval@~0.1.5:
  version "0.1.5"
  resolved "https://registry.yarnpkg.com/bval/-/bval-0.1.5.tgz#c157e0074e50cc06625464aaf9eee87e67891201"
  integrity sha512-PN7Ps7MHrFk7H1cT/mvRsa8J3bx1MrApxDXZx3kee4hCjDns2v89rWO8wnuEcLEVZvNqayjKm6ATia9FRtd2aw==
  dependencies:
    bsert "~0.0.8"

bweb@~0.1.7:
  version "0.1.7"
  resolved "https://registry.yarnpkg.com/bweb/-/bweb-0.1.7.tgz#2eab0ed4d444d5afbeb227a30560e02f7584efaf"
  integrity sha512-mvjXvyvbe3TPQ5AW0K4kgfAMgkyCj3/JhTzl5+pJsOv+SvdXNeJsafruVubfj28PTXfVD08SH9EEuKrtsUYCHA==
  dependencies:
    bsert "~0.0.8"
    bsock "~0.1.5"

"golomb@github:tuxcanfly/golomb#bip157-updates":
  version "0.7.3"
  resolved "https://codeload.github.com/tuxcanfly/golomb/tar.gz/e27a8f7d98cbdfc01d9f7940730bb3dc550bd6ae"
  dependencies:
    bcrypto "~3.0.2"
    bsert "~0.0.8"
    bsip "~0.1.5"
    buffer-map "0.0.3"
    n64 "~0.2.6"

mrmr@~0.1.5:
  version "0.1.5"
  resolved "https://registry.yarnpkg.com/mrmr/-/mrmr-0.1.5.tgz#8eb4de8df298973d0210b96c082774d5a5288926"
  integrity sha512-DgnUGXVpyF2t93u6g4b63o547/LIG4qCq4LNTTKsAPyVdjar4l5TgzNoEp+/T//TafYk+oL/O9XwgVbOxUK9uw==
  dependencies:
    bindings "~1.3.1"
    bsert "~0.0.8"
    nan "~2.12.1"

n64@~0.2.6:
  version "0.2.6"
  resolved "https://registry.yarnpkg.com/n64/-/n64-0.2.6.tgz#a7b61720a4edebdd6f7cb3da120f8bd99aa1a36d"
  integrity sha512-UMoVVrk28Lkk3rjroRp8QU0ElaihWyMZ1NZj3NootEQmbSKKQoeIp6B4aMguWZIsFnOCW5sfVt0vx7gFsOWZQQ==

nan@~2.12.1:
  version "2.12.1"
  resolved "https://registry.yarnpkg.com/nan/-/nan-2.12.1.tgz#7b1aa193e9aa86057e3c7bbd0ac448e770925552"
  integrity sha512-JY7V6lRkStKcKTvHO5NVSQRv+RV+FIL5pvDoLiAtSL9pKlC5x9PKQcZDsq7m4FO4d57mkhC6Z+QhAh3Jdk5JFw==
